
Microsoft Visual Studio Solution File, Format Version 12.00
# Visual Studio Version 17
VisualStudioVersion = 17.2.32630.192
MinimumVisualStudioVersion = 10.0.40219.1
Project("{FAE04EC0-301F-11D3-BF4B-00C04F79EFBC}") = "Pangram Exercism.io", "Pangram Exercism.io\Pangram Exercism.io.csproj", "{568EC259-1AC2-4C1B-8EBA-0623B4D49D17}"
EndProject
Global
	GlobalSection(SolutionConfigurationPlatforms) = preSolution
		Debug|Any CPU = Debug|Any CPU
		Release|Any CPU = Release|Any CPU
	EndGlobalSection
	GlobalSection(ProjectConfigurationPlatforms) = postSolution
		{568EC259-1AC2-4C1B-8EBA-0623B4D49D17}.Debug|Any CPU.ActiveCfg = Debug|Any CPU
		{568EC259-1AC2-4C1B-8EBA-0623B4D49D17}.Debug|Any CPU.Build.0 = Debug|Any CPU
		{568EC259-1AC2-4C1B-8EBA-0623B4D49D17}.Release|Any CPU.ActiveCfg = Release|Any CPU
		{568EC259-1AC2-4C1B-8EBA-0623B4D49D17}.Release|Any CPU.Build.0 = Release|Any CPU
	EndGlobalSection
	GlobalSection(SolutionProperties) = preSolution
		HideSolutionNode = FALSE
	EndGlobalSection
	GlobalSection(ExtensibilityGlobals) = postSolution
		SolutionGuid = {611D3B6B-DA6A-43C3-85C6-5110FB9AE954}
	EndGlobalSection
EndGlobal
